<?xml version="1.0" encoding="utf-8"?>
<Project ToolsVersion="4.0" xmlns="http://schemas.microsoft.com/developer/msbuild/2003">
  <ItemGroup>
    <Filter Include="Source Files">
      <UniqueIdentifier>{4FC737F1-C7A5-4376-A066-2A32D752A2FF}</UniqueIdentifier>
      <Extensions>cpp;c;cc;cxx;c++;cppm;ixx;def;odl;idl;hpj;bat;asm;asmx</Extensions>
    </Filter>
    <Filter Include="Header Files">
      <UniqueIdentifier>{93995380-89BD-4b04-88EB-625FBE52EBFB}</UniqueIdentifier>
      <Extensions>h;hh;hpp;hxx;h++;hm;inl;inc;ipp;xsd</Extensions>
    </Filter>
    <Filter Include="Resource Files">
      <UniqueIdentifier>{67DA6AB6-F800-4c08-8B7A-83BB121AAD01}</UniqueIdentifier>
      <Extensions>rc;ico;cur;bmp;dlg;rc2;rct;bin;rgs;gif;jpg;jpeg;jpe;resx;tiff;tif;png;wav;mfcribbon-ms</Extensions>
    </Filter>
    <Filter Include="Source Files\GamePlay">
      <UniqueIdentifier>{0e4fa609-20e8-4887-8baf-ff43fb29fc93}</UniqueIdentifier>
    </Filter>
    <Filter Include="Source Files\Menu">
      <UniqueIdentifier>{66da866b-1313-423c-8850-47e133b3fa34}</UniqueIdentifier>
    </Filter>
    <Filter Include="Source Files\GamePlay\Fruit">
      <UniqueIdentifier>{1614b7ba-151c-4e4c-8d53-13add0290f03}</UniqueIdentifier>
    </Filter>
    <Filter Include="Source Files\GamePlay\WallSplash">
      <UniqueIdentifier>{8d127a94-e796-486d-8c53-15d0b09c31b9}</UniqueIdentifier>
    </Filter>
  </ItemGroup>
  <ItemGroup>
    <ClCompile Include="FruityAim.cpp">
      <Filter>Source Files</Filter>
    </ClCompile>
    <ClCompile Include="Game.hpp">
      <Filter>Source Files</Filter>
    </ClCompile>
    <ClCompile Include="directives.hpp">
      <Filter>Source Files</Filter>
    </ClCompile>
    <ClCompile Include="Game.cpp">
      <Filter>Source Files</Filter>
    </ClCompile>
    <ClCompile Include="menuAnimator.hpp">
      <Filter>Source Files\Menu</Filter>
    </ClCompile>
    <ClCompile Include="menuAnimator.cpp">
      <Filter>Source Files\Menu</Filter>
    </ClCompile>
    <ClCompile Include="GamePlay.cpp">
      <Filter>Source Files\GamePlay</Filter>
    </ClCompile>
    <ClCompile Include="Fruit.cpp">
      <Filter>Source Files\GamePlay\Fruit</Filter>
    </ClCompile>
    <ClCompile Include="WallSplash.cpp">
      <Filter>Source Files\GamePlay\WallSplash</Filter>
    </ClCompile>
  </ItemGroup>
  <ItemGroup>
    <ClInclude Include="GamePlay.hpp">
      <Filter>Source Files\GamePlay</Filter>
    </ClInclude>
    <ClInclude Include="Fruit.hpp">
      <Filter>Source Files\GamePlay\Fruit</Filter>
    </ClInclude>
    <ClInclude Include="WallSplash.hpp">
      <Filter>Source Files\GamePlay\WallSplash</Filter>
    </ClInclude>
  </ItemGroup>
</Project>